// !$*UTF8*$!
{
	archiveVersion = 1;
	classes = {
	};
	objectVersion = 46;
	objects = {

/* Begin PBXBuildFile section */
		043CC5131A0DF1450096BF19 /* TWNavigationController.m in Sources */ = {isa = PBXBuildFile; fileRef = 043CC5121A0DF1450096BF19 /* TWNavigationController.m */; };
		049F749C1A0B272500F7FEEB /* UIImage+TW.m in Sources */ = {isa = PBXBuildFile; fileRef = 049F749B1A0B272500F7FEEB /* UIImage+TW.m */; };
		049F74A01A0B38BD00F7FEEB /* TWTabBar.m in Sources */ = {isa = PBXBuildFile; fileRef = 049F749F1A0B38BD00F7FEEB /* TWTabBar.m */; };
		049F74A31A0B501A00F7FEEB /* UIView+TW.m in Sources */ = {isa = PBXBuildFile; fileRef = 049F74A21A0B501A00F7FEEB /* UIView+TW.m */; };
		04B4C5791A0A2FA10028A5FC /* Foundation.framework in Frameworks */ = {isa = PBXBuildFile; fileRef = 04B4C5781A0A2FA10028A5FC /* Foundation.framework */; };
		04B4C57B1A0A2FA10028A5FC /* CoreGraphics.framework in Frameworks */ = {isa = PBXBuildFile; fileRef = 04B4C57A1A0A2FA10028A5FC /* CoreGraphics.framework */; };
		04B4C57D1A0A2FA10028A5FC /* UIKit.framework in Frameworks */ = {isa = PBXBuildFile; fileRef = 04B4C57C1A0A2FA10028A5FC /* UIKit.framework */; };
		04B4C5831A0A2FA10028A5FC /* InfoPlist.strings in Resources */ = {isa = PBXBuildFile; fileRef = 04B4C5811A0A2FA10028A5FC /* InfoPlist.strings */; };
		04B4C5911A0A2FA20028A5FC /* Images.xcassets in Resources */ = {isa = PBXBuildFile; fileRef = 04B4C5901A0A2FA20028A5FC /* Images.xcassets */; };
		04B4C5981A0A2FA20028A5FC /* XCTest.framework in Frameworks */ = {isa = PBXBuildFile; fileRef = 04B4C5971A0A2FA20028A5FC /* XCTest.framework */; };
		04B4C5991A0A2FA20028A5FC /* Foundation.framework in Frameworks */ = {isa = PBXBuildFile; fileRef = 04B4C5781A0A2FA10028A5FC /* Foundation.framework */; };
		04B4C59A1A0A2FA20028A5FC /* UIKit.framework in Frameworks */ = {isa = PBXBuildFile; fileRef = 04B4C57C1A0A2FA10028A5FC /* UIKit.framework */; };
		04B4C5A21A0A2FA20028A5FC /* InfoPlist.strings in Resources */ = {isa = PBXBuildFile; fileRef = 04B4C5A01A0A2FA20028A5FC /* InfoPlist.strings */; };
		04B4C5A41A0A2FA20028A5FC /* ____Tests.m in Sources */ = {isa = PBXBuildFile; fileRef = 04B4C5A31A0A2FA20028A5FC /* ____Tests.m */; };
		04B4C5C61A0A31A20028A5FC /* main.m in Sources */ = {isa = PBXBuildFile; fileRef = 04B4C5BB1A0A31A20028A5FC /* main.m */; };
		04B4C5C71A0A31A20028A5FC /* WTAppDelegate.m in Sources */ = {isa = PBXBuildFile; fileRef = 04B4C5BD1A0A31A20028A5FC /* WTAppDelegate.m */; };
		04B4C5CA1A0A35A70028A5FC /* WTTabBarController.m in Sources */ = {isa = PBXBuildFile; fileRef = 04B4C5C91A0A35A70028A5FC /* WTTabBarController.m */; };
		04B4C5CD1A0A36DC0028A5FC /* WTDiscoverTableViewController.m in Sources */ = {isa = PBXBuildFile; fileRef = 04B4C5CC1A0A36DC0028A5FC /* WTDiscoverTableViewController.m */; };
		04B4C5D01A0A36F60028A5FC /* WTHomeViewController.m in Sources */ = {isa = PBXBuildFile; fileRef = 04B4C5CF1A0A36F60028A5FC /* WTHomeViewController.m */; };
		04B4C5D31A0A37100028A5FC /* WTMessageViewController.m in Sources */ = {isa = PBXBuildFile; fileRef = 04B4C5D21A0A37100028A5FC /* WTMessageViewController.m */; };
		04B4C5D61A0A37280028A5FC /* WTProfileViewController.m in Sources */ = {isa = PBXBuildFile; fileRef = 04B4C5D51A0A37280028A5FC /* WTProfileViewController.m */; };
		04B890E91A0CD8DF0090B21E /* TWTabBarButton.m in Sources */ = {isa = PBXBuildFile; fileRef = 04B890E81A0CD8DF0090B21E /* TWTabBarButton.m */; };
/* End PBXBuildFile section */

/* Begin PBXContainerItemProxy section */
		04B4C59B1A0A2FA20028A5FC /* PBXContainerItemProxy */ = {
			isa = PBXContainerItemProxy;
			containerPortal = 04B4C56D1A0A2FA10028A5FC /* Project object */;
			proxyType = 1;
			remoteGlobalIDString = 04B4C5741A0A2FA10028A5FC;
			remoteInfo = "新浪微博";
		};
/* End PBXContainerItemProxy section */

/* Begin PBXFileReference section */
		043CC5111A0DF1450096BF19 /* TWNavigationController.h */ = {isa = PBXFileReference; fileEncoding = 4; lastKnownFileType = sourcecode.c.h; path = TWNavigationController.h; sourceTree = "<group>"; };
		043CC5121A0DF1450096BF19 /* TWNavigationController.m */ = {isa = PBXFileReference; fileEncoding = 4; lastKnownFileType = sourcecode.c.objc; path = TWNavigationController.m; sourceTree = "<group>"; };
		049F749A1A0B272500F7FEEB /* UIImage+TW.h */ = {isa = PBXFileReference; fileEncoding = 4; lastKnownFileType = sourcecode.c.h; path = "UIImage+TW.h"; sourceTree = "<group>"; };
		049F749B1A0B272500F7FEEB /* UIImage+TW.m */ = {isa = PBXFileReference; fileEncoding = 4; lastKnownFileType = sourcecode.c.objc; path = "UIImage+TW.m"; sourceTree = "<group>"; };
		049F749E1A0B38BD00F7FEEB /* TWTabBar.h */ = {isa = PBXFileReference; fileEncoding = 4; lastKnownFileType = sourcecode.c.h; path = TWTabBar.h; sourceTree = "<group>"; };
		049F749F1A0B38BD00F7FEEB /* TWTabBar.m */ = {isa = PBXFileReference; fileEncoding = 4; lastKnownFileType = sourcecode.c.objc; path = TWTabBar.m; sourceTree = "<group>"; };
		049F74A11A0B501A00F7FEEB /* UIView+TW.h */ = {isa = PBXFileReference; fileEncoding = 4; lastKnownFileType = sourcecode.c.h; path = "UIView+TW.h"; sourceTree = "<group>"; };
		049F74A21A0B501A00F7FEEB /* UIView+TW.m */ = {isa = PBXFileReference; fileEncoding = 4; lastKnownFileType = sourcecode.c.objc; path = "UIView+TW.m"; sourceTree = "<group>"; };
		04B4C5751A0A2FA10028A5FC /* 新浪微博.app */ = {isa = PBXFileReference; explicitFileType = wrapper.application; includeInIndex = 0; path = "新浪微博.app"; sourceTree = BUILT_PRODUCTS_DIR; };
		04B4C5781A0A2FA10028A5FC /* Foundation.framework */ = {isa = PBXFileReference; lastKnownFileType = wrapper.framework; name = Foundation.framework; path = System/Library/Frameworks/Foundation.framework; sourceTree = SDKROOT; };
		04B4C57A1A0A2FA10028A5FC /* CoreGraphics.framework */ = {isa = PBXFileReference; lastKnownFileType = wrapper.framework; name = CoreGraphics.framework; path = System/Library/Frameworks/CoreGraphics.framework; sourceTree = SDKROOT; };
		04B4C57C1A0A2FA10028A5FC /* UIKit.framework */ = {isa = PBXFileReference; lastKnownFileType = wrapper.framework; name = UIKit.framework; path = System/Library/Frameworks/UIKit.framework; sourceTree = SDKROOT; };
		04B4C5801A0A2FA10028A5FC /* 新浪微博-Info.plist */ = {isa = PBXFileReference; lastKnownFileType = text.plist.xml; path = "新浪微博-Info.plist"; sourceTree = "<group>"; };
		04B4C5821A0A2FA10028A5FC /* en */ = {isa = PBXFileReference; lastKnownFileType = text.plist.strings; name = en; path = en.lproj/InfoPlist.strings; sourceTree = "<group>"; };
		04B4C5861A0A2FA10028A5FC /* 新浪微博-Prefix.pch */ = {isa = PBXFileReference; lastKnownFileType = sourcecode.c.h; path = "新浪微博-Prefix.pch"; sourceTree = "<group>"; };
		04B4C5901A0A2FA20028A5FC /* Images.xcassets */ = {isa = PBXFileReference; lastKnownFileType = folder.assetcatalog; path = Images.xcassets; sourceTree = "<group>"; };
		04B4C5961A0A2FA20028A5FC /* 新浪微博Tests.xctest */ = {isa = PBXFileReference; explicitFileType = wrapper.cfbundle; includeInIndex = 0; path = "新浪微博Tests.xctest"; sourceTree = BUILT_PRODUCTS_DIR; };
		04B4C5971A0A2FA20028A5FC /* XCTest.framework */ = {isa = PBXFileReference; lastKnownFileType = wrapper.framework; name = XCTest.framework; path = Library/Frameworks/XCTest.framework; sourceTree = DEVELOPER_DIR; };
		04B4C59F1A0A2FA20028A5FC /* 新浪微博Tests-Info.plist */ = {isa = PBXFileReference; lastKnownFileType = text.plist.xml; path = "新浪微博Tests-Info.plist"; sourceTree = "<group>"; };
		04B4C5A11A0A2FA20028A5FC /* en */ = {isa = PBXFileReference; lastKnownFileType = text.plist.strings; name = en; path = en.lproj/InfoPlist.strings; sourceTree = "<group>"; };
		04B4C5A31A0A2FA20028A5FC /* ____Tests.m */ = {isa = PBXFileReference; lastKnownFileType = sourcecode.c.objc; path = "____Tests.m"; sourceTree = "<group>"; };
		04B4C5BB1A0A31A20028A5FC /* main.m */ = {isa = PBXFileReference; fileEncoding = 4; lastKnownFileType = sourcecode.c.objc; path = main.m; sourceTree = "<group>"; };
		04B4C5BC1A0A31A20028A5FC /* WTAppDelegate.h */ = {isa = PBXFileReference; fileEncoding = 4; lastKnownFileType = sourcecode.c.h; path = WTAppDelegate.h; sourceTree = "<group>"; };
		04B4C5BD1A0A31A20028A5FC /* WTAppDelegate.m */ = {isa = PBXFileReference; fileEncoding = 4; lastKnownFileType = sourcecode.c.objc; path = WTAppDelegate.m; sourceTree = "<group>"; };
		04B4C5C81A0A35A70028A5FC /* WTTabBarController.h */ = {isa = PBXFileReference; fileEncoding = 4; lastKnownFileType = sourcecode.c.h; path = WTTabBarController.h; sourceTree = "<group>"; };
		04B4C5C91A0A35A70028A5FC /* WTTabBarController.m */ = {isa = PBXFileReference; fileEncoding = 4; lastKnownFileType = sourcecode.c.objc; path = WTTabBarController.m; sourceTree = "<group>"; };
		04B4C5CB1A0A36DC0028A5FC /* WTDiscoverTableViewController.h */ = {isa = PBXFileReference; fileEncoding = 4; lastKnownFileType = sourcecode.c.h; path = WTDiscoverTableViewController.h; sourceTree = "<group>"; };
		04B4C5CC1A0A36DC0028A5FC /* WTDiscoverTableViewController.m */ = {isa = PBXFileReference; fileEncoding = 4; lastKnownFileType = sourcecode.c.objc; path = WTDiscoverTableViewController.m; sourceTree = "<group>"; };
		04B4C5CE1A0A36F60028A5FC /* WTHomeViewController.h */ = {isa = PBXFileReference; fileEncoding = 4; lastKnownFileType = sourcecode.c.h; path = WTHomeViewController.h; sourceTree = "<group>"; };
		04B4C5CF1A0A36F60028A5FC /* WTHomeViewController.m */ = {isa = PBXFileReference; fileEncoding = 4; lastKnownFileType = sourcecode.c.objc; path = WTHomeViewController.m; sourceTree = "<group>"; };
		04B4C5D11A0A37100028A5FC /* WTMessageViewController.h */ = {isa = PBXFileReference; fileEncoding = 4; lastKnownFileType = sourcecode.c.h; path = WTMessageViewController.h; sourceTree = "<group>"; };
		04B4C5D21A0A37100028A5FC /* WTMessageViewController.m */ = {isa = PBXFileReference; fileEncoding = 4; lastKnownFileType = sourcecode.c.objc; path = WTMessageViewController.m; sourceTree = "<group>"; };
		04B4C5D41A0A37280028A5FC /* WTProfileViewController.h */ = {isa = PBXFileReference; fileEncoding = 4; lastKnownFileType = sourcecode.c.h; path = WTProfileViewController.h; sourceTree = "<group>"; };
		04B4C5D51A0A37280028A5FC /* WTProfileViewController.m */ = {isa = PBXFileReference; fileEncoding = 4; lastKnownFileType = sourcecode.c.objc; path = WTProfileViewController.m; sourceTree = "<group>"; };
		04B890E71A0CD8DF0090B21E /* TWTabBarButton.h */ = {isa = PBXFileReference; fileEncoding = 4; lastKnownFileType = sourcecode.c.h; path = TWTabBarButton.h; sourceTree = "<group>"; };
		04B890E81A0CD8DF0090B21E /* TWTabBarButton.m */ = {isa = PBXFileReference; fileEncoding = 4; lastKnownFileType = sourcecode.c.objc; path = TWTabBarButton.m; sourceTree = "<group>"; };
/* End PBXFileReference section */

/* Begin PBXFrameworksBuildPhase section */
		04B4C5721A0A2FA10028A5FC /* Frameworks */ = {
			isa = PBXFrameworksBuildPhase;
			buildActionMask = 2147483647;
			files = (
				04B4C57B1A0A2FA10028A5FC /* CoreGraphics.framework in Frameworks */,
				04B4C57D1A0A2FA10028A5FC /* UIKit.framework in Frameworks */,
				04B4C5791A0A2FA10028A5FC /* Foundation.framework in Frameworks */,
			);
			runOnlyForDeploymentPostprocessing = 0;
		};
		04B4C5931A0A2FA20028A5FC /* Frameworks */ = {
			isa = PBXFrameworksBuildPhase;
			buildActionMask = 2147483647;
			files = (
				04B4C5981A0A2FA20028A5FC /* XCTest.framework in Frameworks */,
				04B4C59A1A0A2FA20028A5FC /* UIKit.framework in Frameworks */,
				04B4C5991A0A2FA20028A5FC /* Foundation.framework in Frameworks */,
			);
			runOnlyForDeploymentPostprocessing = 0;
		};
/* End PBXFrameworksBuildPhase section */

/* Begin PBXGroup section */
		049F74991A0B26CF00F7FEEB /* Category */ = {
			isa = PBXGroup;
			children = (
				049F749A1A0B272500F7FEEB /* UIImage+TW.h */,
				049F749B1A0B272500F7FEEB /* UIImage+TW.m */,
				049F74A11A0B501A00F7FEEB /* UIView+TW.h */,
				049F74A21A0B501A00F7FEEB /* UIView+TW.m */,
			);
			path = Category;
			sourceTree = "<group>";
		};
		049F749D1A0B385F00F7FEEB /* View */ = {
			isa = PBXGroup;
			children = (
				049F749E1A0B38BD00F7FEEB /* TWTabBar.h */,
				049F749F1A0B38BD00F7FEEB /* TWTabBar.m */,
				04B890E71A0CD8DF0090B21E /* TWTabBarButton.h */,
				04B890E81A0CD8DF0090B21E /* TWTabBarButton.m */,
			);
			path = View;
			sourceTree = "<group>";
		};
		04B4C56C1A0A2FA10028A5FC = {
			isa = PBXGroup;
			children = (
				04B4C57E1A0A2FA10028A5FC /* 新浪微博 */,
				04B4C59D1A0A2FA20028A5FC /* 新浪微博Tests */,
				04B4C5771A0A2FA10028A5FC /* Frameworks */,
				04B4C5761A0A2FA10028A5FC /* Products */,
			);
			sourceTree = "<group>";
		};
		04B4C5761A0A2FA10028A5FC /* Products */ = {
			isa = PBXGroup;
			children = (
				04B4C5751A0A2FA10028A5FC /* 新浪微博.app */,
				04B4C5961A0A2FA20028A5FC /* 新浪微博Tests.xctest */,
			);
			name = Products;
			sourceTree = "<group>";
		};
		04B4C5771A0A2FA10028A5FC /* Frameworks */ = {
			isa = PBXGroup;
			children = (
				04B4C5781A0A2FA10028A5FC /* Foundation.framework */,
				04B4C57A1A0A2FA10028A5FC /* CoreGraphics.framework */,
				04B4C57C1A0A2FA10028A5FC /* UIKit.framework */,
				04B4C5971A0A2FA20028A5FC /* XCTest.framework */,
			);
			name = Frameworks;
			sourceTree = "<group>";
		};
		04B4C57E1A0A2FA10028A5FC /* 新浪微博 */ = {
			isa = PBXGroup;
			children = (
				04B4C5AF1A0A31A20028A5FC /* Classes */,
				04B4C57F1A0A2FA10028A5FC /* Supporting Files */,
			);
			path = "新浪微博";
			sourceTree = "<group>";
		};
		04B4C57F1A0A2FA10028A5FC /* Supporting Files */ = {
			isa = PBXGroup;
			children = (
				04B4C5901A0A2FA20028A5FC /* Images.xcassets */,
				04B4C5801A0A2FA10028A5FC /* 新浪微博-Info.plist */,
				04B4C5811A0A2FA10028A5FC /* InfoPlist.strings */,
				04B4C5861A0A2FA10028A5FC /* 新浪微博-Prefix.pch */,
			);
			name = "Supporting Files";
			sourceTree = "<group>";
		};
		04B4C59D1A0A2FA20028A5FC /* 新浪微博Tests */ = {
			isa = PBXGroup;
			children = (
				04B4C5A31A0A2FA20028A5FC /* ____Tests.m */,
				04B4C59E1A0A2FA20028A5FC /* Supporting Files */,
			);
			path = "新浪微博Tests";
			sourceTree = "<group>";
		};
		04B4C59E1A0A2FA20028A5FC /* Supporting Files */ = {
			isa = PBXGroup;
			children = (
				04B4C59F1A0A2FA20028A5FC /* 新浪微博Tests-Info.plist */,
				04B4C5A01A0A2FA20028A5FC /* InfoPlist.strings */,
			);
			name = "Supporting Files";
			sourceTree = "<group>";
		};
		04B4C5AF1A0A31A20028A5FC /* Classes */ = {
			isa = PBXGroup;
			children = (
				04B4C5B01A0A31A20028A5FC /* Discover(广场) */,
				04B4C5B41A0A31A20028A5FC /* Home(首页) */,
				04B4C5B81A0A31A20028A5FC /* Main(主要) */,
				04B4C5BE1A0A31A20028A5FC /* Message(消息) */,
				04B4C5C21A0A31A20028A5FC /* Profile(我) */,
			);
			path = Classes;
			sourceTree = "<group>";
		};
		04B4C5B01A0A31A20028A5FC /* Discover(广场) */ = {
			isa = PBXGroup;
			children = (
				04B4C5B11A0A31A20028A5FC /* Controller */,
				04B4C5B21A0A31A20028A5FC /* Model */,
				04B4C5B31A0A31A20028A5FC /* View */,
			);
			path = "Discover(广场)";
			sourceTree = "<group>";
		};
		04B4C5B11A0A31A20028A5FC /* Controller */ = {
			isa = PBXGroup;
			children = (
				04B4C5CB1A0A36DC0028A5FC /* WTDiscoverTableViewController.h */,
				04B4C5CC1A0A36DC0028A5FC /* WTDiscoverTableViewController.m */,
			);
			path = Controller;
			sourceTree = "<group>";
		};
		04B4C5B21A0A31A20028A5FC /* Model */ = {
			isa = PBXGroup;
			children = (
			);
			path = Model;
			sourceTree = "<group>";
		};
		04B4C5B31A0A31A20028A5FC /* View */ = {
			isa = PBXGroup;
			children = (
			);
			path = View;
			sourceTree = "<group>";
		};
		04B4C5B41A0A31A20028A5FC /* Home(首页) */ = {
			isa = PBXGroup;
			children = (
				04B4C5B51A0A31A20028A5FC /* Controller */,
				04B4C5B61A0A31A20028A5FC /* Model */,
				04B4C5B71A0A31A20028A5FC /* View */,
			);
			path = "Home(首页)";
			sourceTree = "<group>";
		};
		04B4C5B51A0A31A20028A5FC /* Controller */ = {
			isa = PBXGroup;
			children = (
				04B4C5CE1A0A36F60028A5FC /* WTHomeViewController.h */,
				04B4C5CF1A0A36F60028A5FC /* WTHomeViewController.m */,
			);
			path = Controller;
			sourceTree = "<group>";
		};
		04B4C5B61A0A31A20028A5FC /* Model */ = {
			isa = PBXGroup;
			children = (
			);
			path = Model;
			sourceTree = "<group>";
		};
		04B4C5B71A0A31A20028A5FC /* View */ = {
			isa = PBXGroup;
			children = (
			);
			path = View;
			sourceTree = "<group>";
		};
		04B4C5B81A0A31A20028A5FC /* Main(主要) */ = {
			isa = PBXGroup;
			children = (
				049F749D1A0B385F00F7FEEB /* View */,
				049F74991A0B26CF00F7FEEB /* Category */,
				04B4C5B91A0A31A20028A5FC /* Controller */,
				04B4C5BA1A0A31A20028A5FC /* Other */,
			);
			path = "Main(主要)";
			sourceTree = "<group>";
		};
		04B4C5B91A0A31A20028A5FC /* Controller */ = {
			isa = PBXGroup;
			children = (
				04B4C5C81A0A35A70028A5FC /* WTTabBarController.h */,
				04B4C5C91A0A35A70028A5FC /* WTTabBarController.m */,
				043CC5111A0DF1450096BF19 /* TWNavigationController.h */,
				043CC5121A0DF1450096BF19 /* TWNavigationController.m */,
			);
			path = Controller;
			sourceTree = "<group>";
		};
		04B4C5BA1A0A31A20028A5FC /* Other */ = {
			isa = PBXGroup;
			children = (
				04B4C5BB1A0A31A20028A5FC /* main.m */,
				04B4C5BC1A0A31A20028A5FC /* WTAppDelegate.h */,
				04B4C5BD1A0A31A20028A5FC /* WTAppDelegate.m */,
			);
			path = Other;
			sourceTree = "<group>";
		};
		04B4C5BE1A0A31A20028A5FC /* Message(消息) */ = {
			isa = PBXGroup;
			children = (
				04B4C5BF1A0A31A20028A5FC /* Controller */,
				04B4C5C01A0A31A20028A5FC /* Model */,
				04B4C5C11A0A31A20028A5FC /* View */,
			);
			path = "Message(消息)";
			sourceTree = "<group>";
		};
		04B4C5BF1A0A31A20028A5FC /* Controller */ = {
			isa = PBXGroup;
			children = (
				04B4C5D11A0A37100028A5FC /* WTMessageViewController.h */,
				04B4C5D21A0A37100028A5FC /* WTMessageViewController.m */,
			);
			path = Controller;
			sourceTree = "<group>";
		};
		04B4C5C01A0A31A20028A5FC /* Model */ = {
			isa = PBXGroup;
			children = (
			);
			path = Model;
			sourceTree = "<group>";
		};
		04B4C5C11A0A31A20028A5FC /* View */ = {
			isa = PBXGroup;
			children = (
			);
			path = View;
			sourceTree = "<group>";
		};
		04B4C5C21A0A31A20028A5FC /* Profile(我) */ = {
			isa = PBXGroup;
			children = (
				04B4C5C31A0A31A20028A5FC /* Controller */,
				04B4C5C41A0A31A20028A5FC /* Model */,
				04B4C5C51A0A31A20028A5FC /* View */,
			);
			path = "Profile(我)";
			sourceTree = "<group>";
		};
		04B4C5C31A0A31A20028A5FC /* Controller */ = {
			isa = PBXGroup;
			children = (
				04B4C5D41A0A37280028A5FC /* WTProfileViewController.h */,
				04B4C5D51A0A37280028A5FC /* WTProfileViewController.m */,
			);
			path = Controller;
			sourceTree = "<group>";
		};
		04B4C5C41A0A31A20028A5FC /* Model */ = {
			isa = PBXGroup;
			children = (
			);
			path = Model;
			sourceTree = "<group>";
		};
		04B4C5C51A0A31A20028A5FC /* View */ = {
			isa = PBXGroup;
			children = (
			);
			path = View;
			sourceTree = "<group>";
		};
/* End PBXGroup section */

/* Begin PBXNativeTarget section */
		04B4C5741A0A2FA10028A5FC /* 新浪微博 */ = {
			isa = PBXNativeTarget;
			buildConfigurationList = 04B4C5A71A0A2FA20028A5FC /* Build configuration list for PBXNativeTarget "新浪微博" */;
			buildPhases = (
				04B4C5711A0A2FA10028A5FC /* Sources */,
				04B4C5721A0A2FA10028A5FC /* Frameworks */,
				04B4C5731A0A2FA10028A5FC /* Resources */,
			);
			buildRules = (
			);
			dependencies = (
			);
			name = "新浪微博";
			productName = "新浪微博";
			productReference = 04B4C5751A0A2FA10028A5FC /* 新浪微博.app */;
			productType = "com.apple.product-type.application";
		};
		04B4C5951A0A2FA20028A5FC /* 新浪微博Tests */ = {
			isa = PBXNativeTarget;
			buildConfigurationList = 04B4C5AA1A0A2FA20028A5FC /* Build configuration list for PBXNativeTarget "新浪微博Tests" */;
			buildPhases = (
				04B4C5921A0A2FA20028A5FC /* Sources */,
				04B4C5931A0A2FA20028A5FC /* Frameworks */,
				04B4C5941A0A2FA20028A5FC /* Resources */,
			);
			buildRules = (
			);
			dependencies = (
				04B4C59C1A0A2FA20028A5FC /* PBXTargetDependency */,
			);
			name = "新浪微博Tests";
			productName = "新浪微博Tests";
			productReference = 04B4C5961A0A2FA20028A5FC /* 新浪微博Tests.xctest */;
			productType = "com.apple.product-type.bundle.unit-test";
		};
/* End PBXNativeTarget section */

/* Begin PBXProject section */
		04B4C56D1A0A2FA10028A5FC /* Project object */ = {
			isa = PBXProject;
			attributes = {
				CLASSPREFIX = WT;
				LastUpgradeCheck = 0510;
				ORGANIZATIONNAME = wutong;
				TargetAttributes = {
					04B4C5951A0A2FA20028A5FC = {
						TestTargetID = 04B4C5741A0A2FA10028A5FC;
					};
				};
			};
			buildConfigurationList = 04B4C5701A0A2FA10028A5FC /* Build configuration list for PBXProject "新浪微博" */;
			compatibilityVersion = "Xcode 3.2";
			developmentRegion = English;
			hasScannedForEncodings = 0;
			knownRegions = (
				en,
				Base,
			);
			mainGroup = 04B4C56C1A0A2FA10028A5FC;
			productRefGroup = 04B4C5761A0A2FA10028A5FC /* Products */;
			projectDirPath = "";
			projectRoot = "";
			targets = (
				04B4C5741A0A2FA10028A5FC /* 新浪微博 */,
				04B4C5951A0A2FA20028A5FC /* 新浪微博Tests */,
			);
		};
/* End PBXProject section */

/* Begin PBXResourcesBuildPhase section */
		04B4C5731A0A2FA10028A5FC /* Resources */ = {
			isa = PBXResourcesBuildPhase;
			buildActionMask = 2147483647;
			files = (
				04B4C5911A0A2FA20028A5FC /* Images.xcassets in Resources */,
				04B4C5831A0A2FA10028A5FC /* InfoPlist.strings in Resources */,
			);
			runOnlyForDeploymentPostprocessing = 0;
		};
		04B4C5941A0A2FA20028A5FC /* Resources */ = {
			isa = PBXResourcesBuildPhase;
			buildActionMask = 2147483647;
			files = (
				04B4C5A21A0A2FA20028A5FC /* InfoPlist.strings in Resources */,
			);
			runOnlyForDeploymentPostprocessing = 0;
		};
/* End PBXResourcesBuildPhase section */

/* Begin PBXSourcesBuildPhase section */
		04B4C5711A0A2FA10028A5FC /* Sources */ = {
			isa = PBXSourcesBuildPhase;
			buildActionMask = 2147483647;
			files = (
				04B4C5CA1A0A35A70028A5FC /* WTTabBarController.m in Sources */,
				04B4C5D31A0A37100028A5FC /* WTMessageViewController.m in Sources */,
				04B4C5D61A0A37280028A5FC /* WTProfileViewController.m in Sources */,
				04B4C5D01A0A36F60028A5FC /* WTHomeViewController.m in Sources */,
				04B4C5C61A0A31A20028A5FC /* main.m in Sources */,
				04B890E91A0CD8DF0090B21E /* TWTabBarButton.m in Sources */,
				043CC5131A0DF1450096BF19 /* TWNavigationController.m in Sources */,
				049F74A01A0B38BD00F7FEEB /* TWTabBar.m in Sources */,
				04B4C5C71A0A31A20028A5FC /* WTAppDelegate.m in Sources */,
				049F74A31A0B501A00F7FEEB /* UIView+TW.m in Sources */,
				049F749C1A0B272500F7FEEB /* UIImage+TW.m in Sources */,
				04B4C5CD1A0A36DC0028A5FC /* WTDiscoverTableViewController.m in Sources */,
			);
			runOnlyForDeploymentPostprocessing = 0;
		};
		04B4C5921A0A2FA20028A5FC /* Sources */ = {
			isa = PBXSourcesBuildPhase;
			buildActionMask = 2147483647;
			files = (
				04B4C5A41A0A2FA20028A5FC /* ____Tests.m in Sources */,
			);
			runOnlyForDeploymentPostprocessing = 0;
		};
/* End PBXSourcesBuildPhase section */

/* Begin PBXTargetDependency section */
		04B4C59C1A0A2FA20028A5FC /* PBXTargetDependency */ = {
			isa = PBXTargetDependency;
			target = 04B4C5741A0A2FA10028A5FC /* 新浪微博 */;
			targetProxy = 04B4C59B1A0A2FA20028A5FC /* PBXContainerItemProxy */;
		};
/* End PBXTargetDependency section */

/* Begin PBXVariantGroup section */
		04B4C5811A0A2FA10028A5FC /* InfoPlist.strings */ = {
			isa = PBXVariantGroup;
			children = (
				04B4C5821A0A2FA10028A5FC /* en */,
			);
			name = InfoPlist.strings;
			sourceTree = "<group>";
		};
		04B4C5A01A0A2FA20028A5FC /* InfoPlist.strings */ = {
			isa = PBXVariantGroup;
			children = (
				04B4C5A11A0A2FA20028A5FC /* en */,
			);
			name = InfoPlist.strings;
			sourceTree = "<group>";
		};
/* End PBXVariantGroup section */

/* Begin XCBuildConfiguration section */
		04B4C5A51A0A2FA20028A5FC /* Debug */ = {
			isa = XCBuildConfiguration;
			buildSettings = {
				ALWAYS_SEARCH_USER_PATHS = NO;
				CLANG_CXX_LANGUAGE_STANDARD = "gnu++0x";
				CLANG_CXX_LIBRARY = "libc++";
				CLANG_ENABLE_MODULES = YES;
				CLANG_ENABLE_OBJC_ARC = YES;
				CLANG_WARN_BOOL_CONVERSION = YES;
				CLANG_WARN_CONSTANT_CONVERSION = YES;
				CLANG_WARN_DIRECT_OBJC_ISA_USAGE = YES_ERROR;
				CLANG_WARN_EMPTY_BODY = YES;
				CLANG_WARN_ENUM_CONVERSION = YES;
				CLANG_WARN_INT_CONVERSION = YES;
				CLANG_WARN_OBJC_ROOT_CLASS = YES_ERROR;
				CLANG_WARN__DUPLICATE_METHOD_MATCH = YES;
				"CODE_SIGN_IDENTITY[sdk=iphoneos*]" = "iPhone Developer";
				COPY_PHASE_STRIP = NO;
				GCC_C_LANGUAGE_STANDARD = gnu99;
				GCC_DYNAMIC_NO_PIC = NO;
				GCC_OPTIMIZATION_LEVEL = 0;
				GCC_PREPROCESSOR_DEFINITIONS = (
					"DEBUG=1",
					"$(inherited)",
				);
				GCC_SYMBOLS_PRIVATE_EXTERN = NO;
				GCC_WARN_64_TO_32_BIT_CONVERSION = YES;
				GCC_WARN_ABOUT_RETURN_TYPE = YES_ERROR;
				GCC_WARN_UNDECLARED_SELECTOR = YES;
				GCC_WARN_UNINITIALIZED_AUTOS = YES_AGGRESSIVE;
				GCC_WARN_UNUSED_FUNCTION = YES;
				GCC_WARN_UNUSED_VARIABLE = YES;
				IPHONEOS_DEPLOYMENT_TARGET = 7.1;
				ONLY_ACTIVE_ARCH = YES;
				SDKROOT = iphoneos;
			};
			name = Debug;
		};
		04B4C5A61A0A2FA20028A5FC /* Release */ = {
			isa = XCBuildConfiguration;
			buildSettings = {
				ALWAYS_SEARCH_USER_PATHS = NO;
				CLANG_CXX_LANGUAGE_STANDARD = "gnu++0x";
				CLANG_CXX_LIBRARY = "libc++";
				CLANG_ENABLE_MODULES = YES;
				CLANG_ENABLE_OBJC_ARC = YES;
				CLANG_WARN_BOOL_CONVERSION = YES;
				CLANG_WARN_CONSTANT_CONVERSION = YES;
				CLANG_WARN_DIRECT_OBJC_ISA_USAGE = YES_ERROR;
				CLANG_WARN_EMPTY_BODY = YES;
				CLANG_WARN_ENUM_CONVERSION = YES;
				CLANG_WARN_INT_CONVERSION = YES;
				CLANG_WARN_OBJC_ROOT_CLASS = YES_ERROR;
				CLANG_WARN__DUPLICATE_METHOD_MATCH = YES;
				"CODE_SIGN_IDENTITY[sdk=iphoneos*]" = "iPhone Developer";
				COPY_PHASE_STRIP = YES;
				ENABLE_NS_ASSERTIONS = NO;
				GCC_C_LANGUAGE_STANDARD = gnu99;
				GCC_WARN_64_TO_32_BIT_CONVERSION = YES;
				GCC_WARN_ABOUT_RETURN_TYPE = YES_ERROR;
				GCC_WARN_UNDECLARED_SELECTOR = YES;
				GCC_WARN_UNINITIALIZED_AUTOS = YES_AGGRESSIVE;
				GCC_WARN_UNUSED_FUNCTION = YES;
				GCC_WARN_UNUSED_VARIABLE = YES;
				IPHONEOS_DEPLOYMENT_TARGET = 7.1;
				SDKROOT = iphoneos;
				VALIDATE_PRODUCT = YES;
			};
			name = Release;
		};
		04B4C5A81A0A2FA20028A5FC /* Debug */ = {
			isa = XCBuildConfiguration;
			buildSettings = {
				ASSETCATALOG_COMPILER_APPICON_NAME = AppIcon;
				ASSETCATALOG_COMPILER_LAUNCHIMAGE_NAME = LaunchImage;
				GCC_PRECOMPILE_PREFIX_HEADER = YES;
				GCC_PREFIX_HEADER = "新浪微博/新浪微博-Prefix.pch";
				INFOPLIST_FILE = "新浪微博/新浪微博-Info.plist";
				IPHONEOS_DEPLOYMENT_TARGET = 6.0;
				PRODUCT_NAME = "$(TARGET_NAME)";
				WRAPPER_EXTENSION = app;
			};
			name = Debug;
		};
		04B4C5A91A0A2FA20028A5FC /* Release */ = {
			isa = XCBuildConfiguration;
			buildSettings = {
				ASSETCATALOG_COMPILER_APPICON_NAME = AppIcon;
				ASSETCATALOG_COMPILER_LAUNCHIMAGE_NAME = LaunchImage;
				GCC_PRECOMPILE_PREFIX_HEADER = YES;
				GCC_PREFIX_HEADER = "新浪微博/新浪微博-Prefix.pch";
				INFOPLIST_FILE = "新浪微博/新浪微博-Info.plist";
				IPHONEOS_DEPLOYMENT_TARGET = 6.0;
				PRODUCT_NAME = "$(TARGET_NAME)";
				WRAPPER_EXTENSION = app;
			};
			name = Release;
		};
		04B4C5AB1A0A2FA20028A5FC /* Debug */ = {
			isa = XCBuildConfiguration;
			buildSettings = {
				BUNDLE_LOADER = "$(BUILT_PRODUCTS_DIR)/新浪微博.app/新浪微博";
				FRAMEWORK_SEARCH_PATHS = (
					"$(SDKROOT)/Developer/Library/Frameworks",
					"$(inherited)",
					"$(DEVELOPER_FRAMEWORKS_DIR)",
				);
				GCC_PRECOMPILE_PREFIX_HEADER = YES;
				GCC_PREFIX_HEADER = "新浪微博/新浪微博-Prefix.pch";
				GCC_PREPROCESSOR_DEFINITIONS = (
					"DEBUG=1",
					"$(inherited)",
				);
				INFOPLIST_FILE = "新浪微博Tests/新浪微博Tests-Info.plist";
				PRODUCT_NAME = "$(TARGET_NAME)";
				TEST_HOST = "$(BUNDLE_LOADER)";
				WRAPPER_EXTENSION = xctest;
			};
			name = Debug;
		};
		04B4C5AC1A0A2FA20028A5FC /* Release */ = {
			isa = XCBuildConfiguration;
			buildSettings = {
				BUNDLE_LOADER = "$(BUILT_PRODUCTS_DIR)/新浪微博.app/新浪微博";
				FRAMEWORK_SEARCH_PATHS = (
					"$(SDKROOT)/Developer/Library/Frameworks",
					"$(inherited)",
					"$(DEVELOPER_FRAMEWORKS_DIR)",
				);
				GCC_PRECOMPILE_PREFIX_HEADER = YES;
				GCC_PREFIX_HEADER = "新浪微博/新浪微博-Prefix.pch";
				INFOPLIST_FILE = "新浪微博Tests/新浪微博Tests-Info.plist";
				PRODUCT_NAME = "$(TARGET_NAME)";
				TEST_HOST = "$(BUNDLE_LOADER)";
				WRAPPER_EXTENSION = xctest;
			};
			name = Release;
		};
/* End XCBuildConfiguration section */

/* Begin XCConfigurationList section */
		04B4C5701A0A2FA10028A5FC /* Build configuration list for PBXProject "新浪微博" */ = {
			isa = XCConfigurationList;
			buildConfigurations = (
				04B4C5A51A0A2FA20028A5FC /* Debug */,
				04B4C5A61A0A2FA20028A5FC /* Release */,
			);
			defaultConfigurationIsVisible = 0;
			defaultConfigurationName = Release;
		};
		04B4C5A71A0A2FA20028A5FC /* Build configuration list for PBXNativeTarget "新浪微博" */ = {
			isa = XCConfigurationList;
			buildConfigurations = (
				04B4C5A81A0A2FA20028A5FC /* Debug */,
				04B4C5A91A0A2FA20028A5FC /* Release */,
			);
			defaultConfigurationIsVisible = 0;
			defaultConfigurationName = Release;
		};
		04B4C5AA1A0A2FA20028A5FC /* Build configuration list for PBXNativeTarget "新浪微博Tests" */ = {
			isa = XCConfigurationList;
			buildConfigurations = (
				04B4C5AB1A0A2FA20028A5FC /* Debug */,
				04B4C5AC1A0A2FA20028A5FC /* Release */,
			);
			defaultConfigurationIsVisible = 0;
			defaultConfigurationName = Release;
		};
/* End XCConfigurationList section */
	};
	rootObject = 04B4C56D1A0A2FA10028A5FC /* Project object */;
}
